github.com/helmutkemper/iotmaker.platform.webbrowser v0.0.0-20200208001228-b665b1f435bb/go.mod h1:QUbS2Rmofhi8TU3QHKxdbydS0e3bOzOMKlKNY5F1zmM=
github.com/helmutkemper/iotmaker.santa_isabel_theater.channels-go v0.0.0-20200120233119-9d62fed13020 h1:6iqqLYaLPYNVBOSahSGltkgPqjpyn3cbnzvy3yGIbOY=
github.com/helmutkemper/iotmaker.santa_isabel_theater.channels-go v0.0.0-20200120233119-9d62fed13020/go.mod h1:HA3lnQ50R+4hrCjx5MYkUvvHFX7WJjTBjJ5+0xqxW1I=
github.com/helmutkemper/iotmaker.santa_isabel_theater.interfaces v0.0.0-20200130010342-66d246a51491 h1:UWqrW52nJcPpkfP4pp1Kir14X+cPSFQ2MqvNyUOF2hc=
github.com/helmutkemper/iotmaker.santa_isabel_theater.interfaces v0.0.0-20200130010342-66d246a51491/go.mod h1:dusDmSs8K/xDdrSJdQsWtOqi8yDYT9wh7c33ZI0TYx4=
github.com/helmutkemper/iotmaker.santa_isabel_theater.platform v0.0.0-20210620200154-222ca2439b5c/go.mod h1:N/N5Yn4ksnERffRJtl+hg/R+vTGtETGUo97M4zfzWyI=
github.com/helmutkemper/iotmaker.santa_isabel_theater.platform v0.0.0-20210621000148-43418c883445/go.mod h1:1hnETe3mvO7zDsEzVyyKdsGSyj5IuoYkk5OAUEVVJQ8=
github.com/helmutkemper/iotmaker.santa_isabel_theater.platform v0.0.0-20210621010055-7d4180dbf2a2 h1:KGI6afa9GkgeCIOYrPiW6wKYEpdB5U0yqltWBJXPNR8=
github.com/helmutkemper/iotmaker.santa_isabel_theater.platform v0.0.0-20210621010055-7d4180dbf2a2/go.mod h1:N/N5Yn4ksnERffRJtl+hg/R+vTGtETGUo97M4zfzWyI=
github.com/helmutkemper/iotmaker.santa_isabel_theater.platform.IDraw v0.0.0-20210620202128-b4450cbd9fe3/go.mod h1:hdQAacZSqv+aURe4W78PeY4O6WQ2WP/zRaUwv1Wxlb0=
github.com/helmutkemper/iotmaker.santa_isabel_theater.platform.IDraw v0.0.0-20210620211627-aedad0d3ca18/go.mod h1:riB1pcovWXTEf2yVFCBE0pjojpB72YOb640NIS/O8EU=
github.com/helmutkemper/iotmaker.santa_isabel_theater.platform.IDraw v0.0.0-20210621005155-8954adb4b938 h1:tfZ0E6uk6NvqNPxIH5b8Cq74f/RNs2Be9yDKX6Z/HxQ=
github.com/helmutkemper/iotmaker.santa_isabel_theater.platform.IDraw v0.0.0-20210621005155-8954adb4b938/go.mod h1:hdQAacZSqv+aURe4W78PeY4O6WQ2WP/zRaUwv1Wxlb0=
github.com/helmutkemper/iotmaker.santa_isabel_theater.platform.coordinate v0.0.0-20210620194652-f7df0a8bb189 h1:bxx21YGIvctAuveq6EXgaTUrDHwyHpzTeFobTbUe+Ms=
github.com/helmutkemper/iotmaker.santa_isabel_theater.platform.coordinate v0.0.0-20210620194652-f7df0a8bb189/go.mod h1:hmY25kjzadIvkujGQ120hOKQ3EE28hsMxMS2sxx8x58=
github.com/helmutkemper/iotmaker.santa_isabel_theater.platform.textMetrics v0.0.0-20191210235158-9eb9854a60fe h1:9H5IRftzHUDNxcfZJX07/PIgA3h5mAsPFx5qh6T7wDI=
github.com/helmutkemper/iotmaker.santa_isabel_theater.platform.textMetrics v0.0.0-20191210235158-9eb9854a60fe/go.mod h1:Hwy/oENXe9wbL+/tEXk98Mw9cet835SWuG4+u+r4fIE=
github.com/helmutkemper/iotmaker.santa_isabel_theater.platform.webbrowser v0.0.0-20210620205615-faa7b4400e64/go.mod h1:DYaUuBvQiitJWrd2p/iUX4J6wOG0rWKkbkfMIlh7PeA=
github.com/helmutkemper/iotmaker.santa_isabel_theater.platform.webbrowser v0.0.0-20210621003210-e01aeaf733f8/go.mod h1:JNGns9A4wy/wnOHNokWQQKmqT3Yc8II5i5Z30Vbaz6g=
github.com/helmutkemper/iotmaker.threadsafe v0.0.0-20210620234632-1a603bd2be2f/go.mod h1:klVZ+lxbfNIsQXmmX6N8cTaRB4NvAZfV1brQAf1a/Cs=
github.com/helmutkemper/iotmaker.threadsafe v0.0.0-20210621011301-fcb8f6690506 h1:EPBhg9VcVEW01fpOpiRLRq7B7na3pDu4nzgDoBo6Aak=
github.com/helmutkemper/iotmaker.threadsafe v0.0.0-20210621011301-fcb8f6690506/go.mod h1:wpB5SnU8ghdm5dT6Hwvyii1ccLE7T4SIzSzgMaHbkWA=
